// !$*UTF8*$!
{
	archiveVersion = 1;
	classes = {
	};
	objectVersion = 52;
	objects = {

/* Begin PBXBuildFile section */
		8155F1C9244EB3EE00C64462 /* AppDelegate.swift in Sources */ = {isa = PBXBuildFile; fileRef = 8155F1C8244EB3EE00C64462 /* AppDelegate.swift */; };
		8155F1CB244EB3EE00C64462 /* SceneDelegate.swift in Sources */ = {isa = PBXBuildFile; fileRef = 8155F1CA244EB3EE00C64462 /* SceneDelegate.swift */; };
		8155F1CD244EB3EE00C64462 /* SchoolListVC.swift in Sources */ = {isa = PBXBuildFile; fileRef = 8155F1CC244EB3EE00C64462 /* SchoolListVC.swift */; };
		8155F1D0244EB3EE00C64462 /* SchoolList.storyboard in Resources */ = {isa = PBXBuildFile; fileRef = 8155F1CE244EB3EE00C64462 /* SchoolList.storyboard */; };
		8155F1D2244EB3F100C64462 /* Assets.xcassets in Resources */ = {isa = PBXBuildFile; fileRef = 8155F1D1244EB3F100C64462 /* Assets.xcassets */; };
		8155F1D5244EB3F100C64462 /* LaunchScreen.storyboard in Resources */ = {isa = PBXBuildFile; fileRef = 8155F1D3244EB3F100C64462 /* LaunchScreen.storyboard */; };
		8155F1ED244EB58900C64462 /* SchoolDetails.storyboard in Resources */ = {isa = PBXBuildFile; fileRef = 8155F1EC244EB58900C64462 /* SchoolDetails.storyboard */; };
		8155F1EF244EB5A400C64462 /* SchoolDetailsVC.swift in Sources */ = {isa = PBXBuildFile; fileRef = 8155F1EE244EB5A400C64462 /* SchoolDetailsVC.swift */; };
		8155F1F2244EB65D00C64462 /* SchoolList+TableView.swift in Sources */ = {isa = PBXBuildFile; fileRef = 8155F1F1244EB65D00C64462 /* SchoolList+TableView.swift */; };
		8155F1F5244EB72600C64462 /* SchoolList+ViewModel.swift in Sources */ = {isa = PBXBuildFile; fileRef = 8155F1F4244EB72600C64462 /* SchoolList+ViewModel.swift */; };
		8155F1F7244EB78800C64462 /* SchoolList+Service.swift in Sources */ = {isa = PBXBuildFile; fileRef = 8155F1F6244EB78800C64462 /* SchoolList+Service.swift */; };
		8155F1FC244EC1E800C64462 /* Alamofire in Frameworks */ = {isa = PBXBuildFile; productRef = 8155F1FB244EC1E800C64462 /* Alamofire */; };
		8155F201244F65B700C64462 /* SchoolListCell.swift in Sources */ = {isa = PBXBuildFile; fileRef = 8155F1FF244F65B700C64462 /* SchoolListCell.swift */; };
		8155F207244F675800C64462 /* SchoolList+Networking.swift in Sources */ = {isa = PBXBuildFile; fileRef = 8155F206244F675800C64462 /* SchoolList+Networking.swift */; };
		8155F209244F687400C64462 /* UIView+Extensions.swift in Sources */ = {isa = PBXBuildFile; fileRef = 8155F208244F687400C64462 /* UIView+Extensions.swift */; };
		8155F20B244F6A2500C64462 /* String+Extensions.swift in Sources */ = {isa = PBXBuildFile; fileRef = 8155F20A244F6A2500C64462 /* String+Extensions.swift */; };
		8155F20D244F727900C64462 /* SchoolDetails+TableView.swift in Sources */ = {isa = PBXBuildFile; fileRef = 8155F20C244F727900C64462 /* SchoolDetails+TableView.swift */; };
		8155F20F244F743800C64462 /* UIViewController+Exstension.swift in Sources */ = {isa = PBXBuildFile; fileRef = 8155F20E244F743800C64462 /* UIViewController+Exstension.swift */; };
		8155F212244F7EEA00C64462 /* SchoolDetailsCell.swift in Sources */ = {isa = PBXBuildFile; fileRef = 8155F211244F7EEA00C64462 /* SchoolDetailsCell.swift */; };
		8155F215244F8AF000C64462 /* SchoolListTests.swift in Sources */ = {isa = PBXBuildFile; fileRef = 8155F214244F8AF000C64462 /* SchoolListTests.swift */; };
		8155F23F244F945C00C64462 /* test.json in Resources */ = {isa = PBXBuildFile; fileRef = 8155F23E244F945C00C64462 /* test.json */; };
/* End PBXBuildFile section */

/* Begin PBXContainerItemProxy section */
		8155F1DC244EB3F100C64462 /* PBXContainerItemProxy */ = {
			isa = PBXContainerItemProxy;
			containerPortal = 8155F1BD244EB3EE00C64462 /* Project object */;
			proxyType = 1;
			remoteGlobalIDString = 8155F1C4244EB3EE00C64462;
			remoteInfo = "20200420-LamarCaaddfiir-NYCSchools";
		};
/* End PBXContainerItemProxy section */

/* Begin PBXFileReference section */
		8155F1C5244EB3EE00C64462 /* LamarCaaddfiirNYCSchools.app */ = {isa = PBXFileReference; explicitFileType = wrapper.application; includeInIndex = 0; path = LamarCaaddfiirNYCSchools.app; sourceTree = BUILT_PRODUCTS_DIR; };
		8155F1C8244EB3EE00C64462 /* AppDelegate.swift */ = {isa = PBXFileReference; lastKnownFileType = sourcecode.swift; path = AppDelegate.swift; sourceTree = "<group>"; };
		8155F1CA244EB3EE00C64462 /* SceneDelegate.swift */ = {isa = PBXFileReference; lastKnownFileType = sourcecode.swift; path = SceneDelegate.swift; sourceTree = "<group>"; };
		8155F1CC244EB3EE00C64462 /* SchoolListVC.swift */ = {isa = PBXFileReference; lastKnownFileType = sourcecode.swift; path = SchoolListVC.swift; sourceTree = "<group>"; };
		8155F1CF244EB3EE00C64462 /* Base */ = {isa = PBXFileReference; lastKnownFileType = file.storyboard; name = Base; path = Base.lproj/SchoolList.storyboard; sourceTree = "<group>"; };
		8155F1D1244EB3F100C64462 /* Assets.xcassets */ = {isa = PBXFileReference; lastKnownFileType = folder.assetcatalog; path = Assets.xcassets; sourceTree = "<group>"; };
		8155F1D4244EB3F100C64462 /* Base */ = {isa = PBXFileReference; lastKnownFileType = file.storyboard; name = Base; path = Base.lproj/LaunchScreen.storyboard; sourceTree = "<group>"; };
		8155F1D6244EB3F100C64462 /* Info.plist */ = {isa = PBXFileReference; lastKnownFileType = text.plist.xml; path = Info.plist; sourceTree = "<group>"; };
		8155F1DB244EB3F100C64462 /* LamarCaaddfiirNYCSchoolsTests.xctest */ = {isa = PBXFileReference; explicitFileType = wrapper.cfbundle; includeInIndex = 0; path = LamarCaaddfiirNYCSchoolsTests.xctest; sourceTree = BUILT_PRODUCTS_DIR; };
		8155F1E1244EB3F100C64462 /* Info.plist */ = {isa = PBXFileReference; lastKnownFileType = text.plist.xml; path = Info.plist; sourceTree = "<group>"; };
		8155F1EC244EB58900C64462 /* SchoolDetails.storyboard */ = {isa = PBXFileReference; lastKnownFileType = file.storyboard; path = SchoolDetails.storyboard; sourceTree = "<group>"; };
		8155F1EE244EB5A400C64462 /* SchoolDetailsVC.swift */ = {isa = PBXFileReference; lastKnownFileType = sourcecode.swift; path = SchoolDetailsVC.swift; sourceTree = "<group>"; };
		8155F1F1244EB65D00C64462 /* SchoolList+TableView.swift */ = {isa = PBXFileReference; lastKnownFileType = sourcecode.swift; path = "SchoolList+TableView.swift"; sourceTree = "<group>"; };
		8155F1F4244EB72600C64462 /* SchoolList+ViewModel.swift */ = {isa = PBXFileReference; lastKnownFileType = sourcecode.swift; path = "SchoolList+ViewModel.swift"; sourceTree = "<group>"; };
		8155F1F6244EB78800C64462 /* SchoolList+Service.swift */ = {isa = PBXFileReference; lastKnownFileType = sourcecode.swift; path = "SchoolList+Service.swift"; sourceTree = "<group>"; };
		8155F1FF244F65B700C64462 /* SchoolListCell.swift */ = {isa = PBXFileReference; lastKnownFileType = sourcecode.swift; path = SchoolListCell.swift; sourceTree = "<group>"; };
		8155F206244F675800C64462 /* SchoolList+Networking.swift */ = {isa = PBXFileReference; lastKnownFileType = sourcecode.swift; path = "SchoolList+Networking.swift"; sourceTree = "<group>"; };
		8155F208244F687400C64462 /* UIView+Extensions.swift */ = {isa = PBXFileReference; lastKnownFileType = sourcecode.swift; path = "UIView+Extensions.swift"; sourceTree = "<group>"; };
		8155F20A244F6A2500C64462 /* String+Extensions.swift */ = {isa = PBXFileReference; lastKnownFileType = sourcecode.swift; path = "String+Extensions.swift"; sourceTree = "<group>"; };
		8155F20C244F727900C64462 /* SchoolDetails+TableView.swift */ = {isa = PBXFileReference; lastKnownFileType = sourcecode.swift; path = "SchoolDetails+TableView.swift"; sourceTree = "<group>"; };
		8155F20E244F743800C64462 /* UIViewController+Exstension.swift */ = {isa = PBXFileReference; lastKnownFileType = sourcecode.swift; path = "UIViewController+Exstension.swift"; sourceTree = "<group>"; };
		8155F211244F7EEA00C64462 /* SchoolDetailsCell.swift */ = {isa = PBXFileReference; lastKnownFileType = sourcecode.swift; path = SchoolDetailsCell.swift; sourceTree = "<group>"; };
		8155F214244F8AF000C64462 /* SchoolListTests.swift */ = {isa = PBXFileReference; lastKnownFileType = sourcecode.swift; path = SchoolListTests.swift; sourceTree = "<group>"; };
		8155F23E244F945C00C64462 /* test.json */ = {isa = PBXFileReference; fileEncoding = 4; lastKnownFileType = text.json; path = test.json; sourceTree = "<group>"; };
		8155F240244F9E2900C64462 /* 20200420-LamarCaaddfiir-NYCSchoolsTests-Bridging-Header.h */ = {isa = PBXFileReference; fileEncoding = 4; lastKnownFileType = sourcecode.c.h; path = "20200420-LamarCaaddfiir-NYCSchoolsTests-Bridging-Header.h"; sourceTree = "<group>"; };
/* End PBXFileReference section */

/* Begin PBXFrameworksBuildPhase section */
		8155F1C2244EB3EE00C64462 /* Frameworks */ = {
			isa = PBXFrameworksBuildPhase;
			buildActionMask = 2147483647;
			files = (
				8155F1FC244EC1E800C64462 /* Alamofire in Frameworks */,
			);
			runOnlyForDeploymentPostprocessing = 0;
		};
		8155F1D8244EB3F100C64462 /* Frameworks */ = {
			isa = PBXFrameworksBuildPhase;
			buildActionMask = 2147483647;
			files = (
			);
			runOnlyForDeploymentPostprocessing = 0;
		};
/* End PBXFrameworksBuildPhase section */

/* Begin PBXGroup section */
		8155F1BC244EB3EE00C64462 = {
			isa = PBXGroup;
			children = (
				8155F1C7244EB3EE00C64462 /* 20200420-LamarCaaddfiir-NYCSchools */,
				8155F1DE244EB3F100C64462 /* 20200420-LamarCaaddfiir-NYCSchoolsTests */,
				8155F1C6244EB3EE00C64462 /* Products */,
			);
			sourceTree = "<group>";
		};
		8155F1C6244EB3EE00C64462 /* Products */ = {
			isa = PBXGroup;
			children = (
				8155F1C5244EB3EE00C64462 /* LamarCaaddfiirNYCSchools.app */,
				8155F1DB244EB3F100C64462 /* LamarCaaddfiirNYCSchoolsTests.xctest */,
			);
			name = Products;
			sourceTree = "<group>";
		};
		8155F1C7244EB3EE00C64462 /* 20200420-LamarCaaddfiir-NYCSchools */ = {
			isa = PBXGroup;
			children = (
				8155F23E244F945C00C64462 /* test.json */,
				8155F1C8244EB3EE00C64462 /* AppDelegate.swift */,
				8155F1CA244EB3EE00C64462 /* SceneDelegate.swift */,
				8155F1EB244EB57500C64462 /* SchoolDetails */,
				8155F1EA244EB56800C64462 /* SchoolList */,
				8155F1F0244EB5B600C64462 /* Extensions */,
				8155F1D1244EB3F100C64462 /* Assets.xcassets */,
				8155F1D3244EB3F100C64462 /* LaunchScreen.storyboard */,
				8155F1D6244EB3F100C64462 /* Info.plist */,
			);
			path = "20200420-LamarCaaddfiir-NYCSchools";
			sourceTree = "<group>";
		};
		8155F1DE244EB3F100C64462 /* 20200420-LamarCaaddfiir-NYCSchoolsTests */ = {
			isa = PBXGroup;
			children = (
				8155F1E1244EB3F100C64462 /* Info.plist */,
				8155F240244F9E2900C64462 /* 20200420-LamarCaaddfiir-NYCSchoolsTests-Bridging-Header.h */,
				8155F214244F8AF000C64462 /* SchoolListTests.swift */,
			);
			path = "20200420-LamarCaaddfiir-NYCSchoolsTests";
			sourceTree = "<group>";
		};
		8155F1EA244EB56800C64462 /* SchoolList */ = {
			isa = PBXGroup;
			children = (
				8155F1CC244EB3EE00C64462 /* SchoolListVC.swift */,
				8155F1F1244EB65D00C64462 /* SchoolList+TableView.swift */,
				8155F1F4244EB72600C64462 /* SchoolList+ViewModel.swift */,
				8155F206244F675800C64462 /* SchoolList+Networking.swift */,
				8155F1F6244EB78800C64462 /* SchoolList+Service.swift */,
				8155F1CE244EB3EE00C64462 /* SchoolList.storyboard */,
				8155F203244F65BB00C64462 /* Cells */,
			);
			path = SchoolList;
			sourceTree = "<group>";
		};
		8155F1EB244EB57500C64462 /* SchoolDetails */ = {
			isa = PBXGroup;
			children = (
				8155F1EE244EB5A400C64462 /* SchoolDetailsVC.swift */,
				8155F20C244F727900C64462 /* SchoolDetails+TableView.swift */,
				8155F1EC244EB58900C64462 /* SchoolDetails.storyboard */,
				8155F210244F7ED700C64462 /* Cells */,
			);
			path = SchoolDetails;
			sourceTree = "<group>";
		};
		8155F1F0244EB5B600C64462 /* Extensions */ = {
			isa = PBXGroup;
			children = (
				8155F208244F687400C64462 /* UIView+Extensions.swift */,
				8155F20E244F743800C64462 /* UIViewController+Exstension.swift */,
				8155F20A244F6A2500C64462 /* String+Extensions.swift */,
			);
			path = Extensions;
			sourceTree = "<group>";
		};
		8155F203244F65BB00C64462 /* Cells */ = {
			isa = PBXGroup;
			children = (
				8155F1FF244F65B700C64462 /* SchoolListCell.swift */,
			);
			path = Cells;
			sourceTree = "<group>";
		};
		8155F210244F7ED700C64462 /* Cells */ = {
			isa = PBXGroup;
			children = (
				8155F211244F7EEA00C64462 /* SchoolDetailsCell.swift */,
			);
			path = Cells;
			sourceTree = "<group>";
		};
/* End PBXGroup section */

/* Begin PBXNativeTarget section */
		8155F1C4244EB3EE00C64462 /* LamarCaaddfiirNYCSchools */ = {
			isa = PBXNativeTarget;
			buildConfigurationList = 8155F1E4244EB3F100C64462 /* Build configuration list for PBXNativeTarget "LamarCaaddfiirNYCSchools" */;
			buildPhases = (
				8155F1C1244EB3EE00C64462 /* Sources */,
				8155F1C2244EB3EE00C64462 /* Frameworks */,
				8155F1C3244EB3EE00C64462 /* Resources */,
			);
			buildRules = (
			);
			dependencies = (
			);
			name = LamarCaaddfiirNYCSchools;
			packageProductDependencies = (
				8155F1FB244EC1E800C64462 /* Alamofire */,
			);
			productName = "20200420-LamarCaaddfiir-NYCSchools";
			productReference = 8155F1C5244EB3EE00C64462 /* LamarCaaddfiirNYCSchools.app */;
			productType = "com.apple.product-type.application";
		};
		8155F1DA244EB3F100C64462 /* LamarCaaddfiirNYCSchoolsTests */ = {
			isa = PBXNativeTarget;
			buildConfigurationList = 8155F1E7244EB3F100C64462 /* Build configuration list for PBXNativeTarget "LamarCaaddfiirNYCSchoolsTests" */;
			buildPhases = (
				8155F1D7244EB3F100C64462 /* Sources */,
				8155F1D8244EB3F100C64462 /* Frameworks */,
				8155F1D9244EB3F100C64462 /* Resources */,
			);
			buildRules = (
			);
			dependencies = (
				8155F1DD244EB3F100C64462 /* PBXTargetDependency */,
			);
			name = LamarCaaddfiirNYCSchoolsTests;
			productName = "20200420-LamarCaaddfiir-NYCSchoolsTests";
			productReference = 8155F1DB244EB3F100C64462 /* LamarCaaddfiirNYCSchoolsTests.xctest */;
			productType = "com.apple.product-type.bundle.unit-test";
		};
/* End PBXNativeTarget section */

/* Begin PBXProject section */
		8155F1BD244EB3EE00C64462 /* Project object */ = {
			isa = PBXProject;
			attributes = {
				LastSwiftUpdateCheck = 1140;
				LastUpgradeCheck = 1140;
				ORGANIZATIONNAME = "Lamar Caaddfiir";
				TargetAttributes = {
					8155F1C4244EB3EE00C64462 = {
						CreatedOnToolsVersion = 11.4.1;
					};
					8155F1DA244EB3F100C64462 = {
						CreatedOnToolsVersion = 11.4.1;
						LastSwiftMigration = 1140;
						TestTargetID = 8155F1C4244EB3EE00C64462;
					};
				};
			};
			buildConfigurationList = 8155F1C0244EB3EE00C64462 /* Build configuration list for PBXProject "LamarCaaddfiirNYCSchools" */;
			compatibilityVersion = "Xcode 9.3";
			developmentRegion = en;
			hasScannedForEncodings = 0;
			knownRegions = (
				en,
				Base,
			);
			mainGroup = 8155F1BC244EB3EE00C64462;
			packageReferences = (
				8155F1FA244EC1E800C64462 /* XCRemoteSwiftPackageReference "Alamofire" */,
			);
			productRefGroup = 8155F1C6244EB3EE00C64462 /* Products */;
			projectDirPath = "";
			projectRoot = "";
			targets = (
				8155F1C4244EB3EE00C64462 /* LamarCaaddfiirNYCSchools */,
				8155F1DA244EB3F100C64462 /* LamarCaaddfiirNYCSchoolsTests */,
			);
		};
/* End PBXProject section */

/* Begin PBXResourcesBuildPhase section */
		8155F1C3244EB3EE00C64462 /* Resources */ = {
			isa = PBXResourcesBuildPhase;
			buildActionMask = 2147483647;
			files = (
				8155F1D5244EB3F100C64462 /* LaunchScreen.storyboard in Resources */,
				8155F1ED244EB58900C64462 /* SchoolDetails.storyboard in Resources */,
				8155F23F244F945C00C64462 /* test.json in Resources */,
				8155F1D2244EB3F100C64462 /* Assets.xcassets in Resources */,
				8155F1D0244EB3EE00C64462 /* SchoolList.storyboard in Resources */,
			);
			runOnlyForDeploymentPostprocessing = 0;
		};
		8155F1D9244EB3F100C64462 /* Resources */ = {
			isa = PBXResourcesBuildPhase;
			buildActionMask = 2147483647;
			files = (
			);
			runOnlyForDeploymentPostprocessing = 0;
		};
/* End PBXResourcesBuildPhase section */

/* Begin PBXSourcesBuildPhase section */
		8155F1C1244EB3EE00C64462 /* Sources */ = {
			isa = PBXSourcesBuildPhase;
			buildActionMask = 2147483647;
			files = (
				8155F212244F7EEA00C64462 /* SchoolDetailsCell.swift in Sources */,
				8155F207244F675800C64462 /* SchoolList+Networking.swift in Sources */,
				8155F20B244F6A2500C64462 /* String+Extensions.swift in Sources */,
				8155F20D244F727900C64462 /* SchoolDetails+TableView.swift in Sources */,
				8155F1F5244EB72600C64462 /* SchoolList+ViewModel.swift in Sources */,
				8155F201244F65B700C64462 /* SchoolListCell.swift in Sources */,
				8155F1CD244EB3EE00C64462 /* SchoolListVC.swift in Sources */,
				8155F1C9244EB3EE00C64462 /* AppDelegate.swift in Sources */,
				8155F209244F687400C64462 /* UIView+Extensions.swift in Sources */,
				8155F1F7244EB78800C64462 /* SchoolList+Service.swift in Sources */,
				8155F1CB244EB3EE00C64462 /* SceneDelegate.swift in Sources */,
				8155F1EF244EB5A400C64462 /* SchoolDetailsVC.swift in Sources */,
				8155F1F2244EB65D00C64462 /* SchoolList+TableView.swift in Sources */,
				8155F20F244F743800C64462 /* UIViewController+Exstension.swift in Sources */,
			);
			runOnlyForDeploymentPostprocessing = 0;
		};
		8155F1D7244EB3F100C64462 /* Sources */ = {
			isa = PBXSourcesBuildPhase;
			buildActionMask = 2147483647;
			files = (
				8155F215244F8AF000C64462 /* SchoolListTests.swift in Sources */,
			);
			runOnlyForDeploymentPostprocessing = 0;
		};
/* End PBXSourcesBuildPhase section */

/* Begin PBXTargetDependency section */
		8155F1DD244EB3F100C64462 /* PBXTargetDependency */ = {
			isa = PBXTargetDependency;
			target = 8155F1C4244EB3EE00C64462 /* LamarCaaddfiirNYCSchools */;
			targetProxy = 8155F1DC244EB3F100C64462 /* PBXContainerItemProxy */;
		};
/* End PBXTargetDependency section */

/* Begin PBXVariantGroup section */
		8155F1CE244EB3EE00C64462 /* SchoolList.storyboard */ = {
			isa = PBXVariantGroup;
			children = (
				8155F1CF244EB3EE00C64462 /* Base */,
			);
			name = SchoolList.storyboard;
			sourceTree = "<group>";
		};
		8155F1D3244EB3F100C64462 /* LaunchScreen.storyboard */ = {
			isa = PBXVariantGroup;
			children = (
				8155F1D4244EB3F100C64462 /* Base */,
			);
			name = LaunchScreen.storyboard;
			sourceTree = "<group>";
		};
/* End PBXVariantGroup section */

/* Begin XCBuildConfiguration section */
		8155F1E2244EB3F100C64462 /* Debug */ = {
			isa = XCBuildConfiguration;
			buildSettings = {
				ALWAYS_SEARCH_USER_PATHS = NO;
				CLANG_ANALYZER_NONNULL = YES;
				CLANG_ANALYZER_NUMBER_OBJECT_CONVERSION = YES_AGGRESSIVE;
				CLANG_CXX_LANGUAGE_STANDARD = "gnu++14";
				CLANG_CXX_LIBRARY = "libc++";
				CLANG_ENABLE_MODULES = YES;
				CLANG_ENABLE_OBJC_ARC = YES;
				CLANG_ENABLE_OBJC_WEAK = YES;
				CLANG_WARN_BLOCK_CAPTURE_AUTORELEASING = YES;
				CLANG_WARN_BOOL_CONVERSION = YES;
				CLANG_WARN_COMMA = YES;
				CLANG_WARN_CONSTANT_CONVERSION = YES;
				CLANG_WARN_DEPRECATED_OBJC_IMPLEMENTATIONS = YES;
				CLANG_WARN_DIRECT_OBJC_ISA_USAGE = YES_ERROR;
				CLANG_WARN_DOCUMENTATION_COMMENTS = YES;
				CLANG_WARN_EMPTY_BODY = YES;
				CLANG_WARN_ENUM_CONVERSION = YES;
				CLANG_WARN_INFINITE_RECURSION = YES;
				CLANG_WARN_INT_CONVERSION = YES;
				CLANG_WARN_NON_LITERAL_NULL_CONVERSION = YES;
				CLANG_WARN_OBJC_IMPLICIT_RETAIN_SELF = YES;
				CLANG_WARN_OBJC_LITERAL_CONVERSION = YES;
				CLANG_WARN_OBJC_ROOT_CLASS = YES_ERROR;
				CLANG_WARN_RANGE_LOOP_ANALYSIS = YES;
				CLANG_WARN_STRICT_PROTOTYPES = YES;
				CLANG_WARN_SUSPICIOUS_MOVE = YES;
				CLANG_WARN_UNGUARDED_AVAILABILITY = YES_AGGRESSIVE;
				CLANG_WARN_UNREACHABLE_CODE = YES;
				CLANG_WARN__DUPLICATE_METHOD_MATCH = YES;
				COPY_PHASE_STRIP = NO;
				DEBUG_INFORMATION_FORMAT = dwarf;
				ENABLE_STRICT_OBJC_MSGSEND = YES;
				ENABLE_TESTABILITY = YES;
				GCC_C_LANGUAGE_STANDARD = gnu11;
				GCC_DYNAMIC_NO_PIC = NO;
				GCC_NO_COMMON_BLOCKS = YES;
				GCC_OPTIMIZATION_LEVEL = 0;
				GCC_PREPROCESSOR_DEFINITIONS = (
					"DEBUG=1",
					"$(inherited)",
				);
				GCC_WARN_64_TO_32_BIT_CONVERSION = YES;
				GCC_WARN_ABOUT_RETURN_TYPE = YES_ERROR;
				GCC_WARN_UNDECLARED_SELECTOR = YES;
				GCC_WARN_UNINITIALIZED_AUTOS = YES_AGGRESSIVE;
				GCC_WARN_UNUSED_FUNCTION = YES;
				GCC_WARN_UNUSED_VARIABLE = YES;
				IPHONEOS_DEPLOYMENT_TARGET = 13.4;
				MTL_ENABLE_DEBUG_INFO = INCLUDE_SOURCE;
				MTL_FAST_MATH = YES;
				ONLY_ACTIVE_ARCH = YES;
				SDKROOT = iphoneos;
				SWIFT_ACTIVE_COMPILATION_CONDITIONS = DEBUG;
				SWIFT_OPTIMIZATION_LEVEL = "-Onone";
			};
			name = Debug;
		};
		8155F1E3244EB3F100C64462 /* Release */ = {
			isa = XCBuildConfiguration;
			buildSettings = {
				ALWAYS_SEARCH_USER_PATHS = NO;
				CLANG_ANALYZER_NONNULL = YES;
				CLANG_ANALYZER_NUMBER_OBJECT_CONVERSION = YES_AGGRESSIVE;
				CLANG_CXX_LANGUAGE_STANDARD = "gnu++14";
				CLANG_CXX_LIBRARY = "libc++";
				CLANG_ENABLE_MODULES = YES;
				CLANG_ENABLE_OBJC_ARC = YES;
				CLANG_ENABLE_OBJC_WEAK = YES;
				CLANG_WARN_BLOCK_CAPTURE_AUTORELEASING = YES;
				CLANG_WARN_BOOL_CONVERSION = YES;
				CLANG_WARN_COMMA = YES;
				CLANG_WARN_CONSTANT_CONVERSION = YES;
				CLANG_WARN_DEPRECATED_OBJC_IMPLEMENTATIONS = YES;
				CLANG_WARN_DIRECT_OBJC_ISA_USAGE = YES_ERROR;
				CLANG_WARN_DOCUMENTATION_COMMENTS = YES;
				CLANG_WARN_EMPTY_BODY = YES;
				CLANG_WARN_ENUM_CONVERSION = YES;
				CLANG_WARN_INFINITE_RECURSION = YES;
				CLANG_WARN_INT_CONVERSION = YES;
				CLANG_WARN_NON_LITERAL_NULL_CONVERSION = YES;
				CLANG_WARN_OBJC_IMPLICIT_RETAIN_SELF = YES;
				CLANG_WARN_OBJC_LITERAL_CONVERSION = YES;
				CLANG_WARN_OBJC_ROOT_CLASS = YES_ERROR;
				CLANG_WARN_RANGE_LOOP_ANALYSIS = YES;
				CLANG_WARN_STRICT_PROTOTYPES = YES;
				CLANG_WARN_SUSPICIOUS_MOVE = YES;
				CLANG_WARN_UNGUARDED_AVAILABILITY = YES_AGGRESSIVE;
				CLANG_WARN_UNREACHABLE_CODE = YES;
				CLANG_WARN__DUPLICATE_METHOD_MATCH = YES;
				COPY_PHASE_STRIP = NO;
				DEBUG_INFORMATION_FORMAT = "dwarf-with-dsym";
				ENABLE_NS_ASSERTIONS = NO;
				ENABLE_STRICT_OBJC_MSGSEND = YES;
				GCC_C_LANGUAGE_STANDARD = gnu11;
				GCC_NO_COMMON_BLOCKS = YES;
				GCC_WARN_64_TO_32_BIT_CONVERSION = YES;
				GCC_WARN_ABOUT_RETURN_TYPE = YES_ERROR;
				GCC_WARN_UNDECLARED_SELECTOR = YES;
				GCC_WARN_UNINITIALIZED_AUTOS = YES_AGGRESSIVE;
				GCC_WARN_UNUSED_FUNCTION = YES;
				GCC_WARN_UNUSED_VARIABLE = YES;
				IPHONEOS_DEPLOYMENT_TARGET = 13.4;
				MTL_ENABLE_DEBUG_INFO = NO;
				MTL_FAST_MATH = YES;
				SDKROOT = iphoneos;
				SWIFT_COMPILATION_MODE = wholemodule;
				SWIFT_OPTIMIZATION_LEVEL = "-O";
				VALIDATE_PRODUCT = YES;
			};
			name = Release;
		};
		8155F1E5244EB3F100C64462 /* Debug */ = {
			isa = XCBuildConfiguration;
			buildSettings = {
				ASSETCATALOG_COMPILER_APPICON_NAME = AppIcon;
				CODE_SIGN_STYLE = Automatic;
				INFOPLIST_FILE = "20200420-LamarCaaddfiir-NYCSchools/Info.plist";
				LD_RUNPATH_SEARCH_PATHS = (
					"$(inherited)",
					"@executable_path/Frameworks",
				);
				PRODUCT_BUNDLE_IDENTIFIER = "com.test.20200420-LamarCaaddfiir-NYCSchools";
				PRODUCT_NAME = "$(TARGET_NAME)";
				SWIFT_VERSION = 5.0;
				TARGETED_DEVICE_FAMILY = 1;
			};
			name = Debug;
		};
		8155F1E6244EB3F100C64462 /* Release */ = {
			isa = XCBuildConfiguration;
			buildSettings = {
				ASSETCATALOG_COMPILER_APPICON_NAME = AppIcon;
				CODE_SIGN_STYLE = Automatic;
				INFOPLIST_FILE = "20200420-LamarCaaddfiir-NYCSchools/Info.plist";
				LD_RUNPATH_SEARCH_PATHS = (
					"$(inherited)",
					"@executable_path/Frameworks",
				);
				PRODUCT_BUNDLE_IDENTIFIER = "com.test.20200420-LamarCaaddfiir-NYCSchools";
				PRODUCT_NAME = "$(TARGET_NAME)";
				SWIFT_VERSION = 5.0;
				TARGETED_DEVICE_FAMILY = 1;
			};
			name = Release;
		};
		8155F1E8244EB3F100C64462 /* Debug */ = {
			isa = XCBuildConfiguration;
			buildSettings = {
				ALWAYS_EMBED_SWIFT_STANDARD_LIBRARIES = YES;
				BUNDLE_LOADER = "$(TEST_HOST)";
				CLANG_ENABLE_MODULES = YES;
				CODE_SIGN_STYLE = Automatic;
				INFOPLIST_FILE = "20200420-LamarCaaddfiir-NYCSchoolsTests/Info.plist";
				IPHONEOS_DEPLOYMENT_TARGET = 13.4;
				LD_RUNPATH_SEARCH_PATHS = (
					"$(inherited)",
					"@executable_path/Frameworks",
					"@loader_path/Frameworks",
				);
				PRODUCT_BUNDLE_IDENTIFIER = "com.test.-0200420-LamarCaaddfiir-NYCSchoolsTests";
				PRODUCT_NAME = "$(TARGET_NAME)";
				SWIFT_OBJC_BRIDGING_HEADER = "20200420-LamarCaaddfiir-NYCSchoolsTests/20200420-LamarCaaddfiir-NYCSchoolsTests-Bridging-Header.h";
				SWIFT_OPTIMIZATION_LEVEL = "-Onone";
				SWIFT_VERSION = 5.0;
				TARGETED_DEVICE_FAMILY = "1,2";
				TEST_HOST = "$(BUILT_PRODUCTS_DIR)/LamarCaaddfiirNYCSchools.app/LamarCaaddfiirNYCSchools";
			};
			name = Debug;
		};
		8155F1E9244EB3F100C64462 /* Release */ = {
			isa = XCBuildConfiguration;
			buildSettings = {
				ALWAYS_EMBED_SWIFT_STANDARD_LIBRARIES = YES;
				BUNDLE_LOADER = "$(TEST_HOST)";
				CLANG_ENABLE_MODULES = YES;
				CODE_SIGN_STYLE = Automatic;
				INFOPLIST_FILE = "20200420-LamarCaaddfiir-NYCSchoolsTests/Info.plist";
				IPHONEOS_DEPLOYMENT_TARGET = 13.4;
				LD_RUNPATH_SEARCH_PATHS = (
					"$(inherited)",
					"@executable_path/Frameworks",
					"@loader_path/Frameworks",
				);
				PRODUCT_BUNDLE_IDENTIFIER = "com.test.-0200420-LamarCaaddfiir-NYCSchoolsTests";
				PRODUCT_NAME = "$(TARGET_NAME)";
				SWIFT_OBJC_BRIDGING_HEADER = "20200420-LamarCaaddfiir-NYCSchoolsTests/20200420-LamarCaaddfiir-NYCSchoolsTests-Bridging-Header.h";
				SWIFT_VERSION = 5.0;
				TARGETED_DEVICE_FAMILY = "1,2";
				TEST_HOST = "$(BUILT_PRODUCTS_DIR)/LamarCaaddfiirNYCSchools.app/LamarCaaddfiirNYCSchools";
			};
			name = Release;
		};
/* End XCBuildConfiguration section */

/* Begin XCConfigurationList section */
		8155F1C0244EB3EE00C64462 /* Build configuration list for PBXProject "LamarCaaddfiirNYCSchools" */ = {
			isa = XCConfigurationList;
			buildConfigurations = (
				8155F1E2244EB3F100C64462 /* Debug */,
				8155F1E3244EB3F100C64462 /* Release */,
			);
			defaultConfigurationIsVisible = 0;
			defaultConfigurationName = Release;
		};
		8155F1E4244EB3F100C64462 /* Build configuration list for PBXNativeTarget "LamarCaaddfiirNYCSchools" */ = {
			isa = XCConfigurationList;
			buildConfigurations = (
				8155F1E5244EB3F100C64462 /* Debug */,
				8155F1E6244EB3F100C64462 /* Release */,
			);
			defaultConfigurationIsVisible = 0;
			defaultConfigurationName = Release;
		};
		8155F1E7244EB3F100C64462 /* Build configuration list for PBXNativeTarget "LamarCaaddfiirNYCSchoolsTests" */ = {
			isa = XCConfigurationList;
			buildConfigurations = (
				8155F1E8244EB3F100C64462 /* Debug */,
				8155F1E9244EB3F100C64462 /* Release */,
			);
			defaultConfigurationIsVisible = 0;
			defaultConfigurationName = Release;
		};
/* End XCConfigurationList section */

/* Begin XCRemoteSwiftPackageReference section */
		8155F1FA244EC1E800C64462 /* XCRemoteSwiftPackageReference "Alamofire" */ = {
			isa = XCRemoteSwiftPackageReference;
			repositoryURL = "https://github.com/Alamofire/Alamofire";
			requirement = {
				kind = upToNextMajorVersion;
				minimumVersion = 4.7.0;
			};
		};
/* End XCRemoteSwiftPackageReference section */

/* Begin XCSwiftPackageProductDependency section */
		8155F1FB244EC1E800C64462 /* Alamofire */ = {
			isa = XCSwiftPackageProductDependency;
			package = 8155F1FA244EC1E800C64462 /* XCRemoteSwiftPackageReference "Alamofire" */;
			productName = Alamofire;
		};
/* End XCSwiftPackageProductDependency section */
	};
	rootObject = 8155F1BD244EB3EE00C64462 /* Project object */;
}
